
Microsoft Visual Studio Solution File, Format Version 12.00
# Visual Studio Version 17
VisualStudioVersion = 17.8.34511.84
MinimumVisualStudioVersion = 10.0.40219.1
Project("{FAE04EC0-301F-11D3-BF4B-00C04F79EFBC}") = "AuthenticationProjectAPI", "AuthenticationProjectAPI\AuthenticationProjectAPI.csproj", "{968F8388-0627-4244-9306-54AF5F55634E}"
EndProject
Project("{2150E333-8FDC-42A3-9474-1A3956D46DE8}") = "Solution Items", "Solution Items", "{4CD16623-D8C3-41B3-B354-2C96ADD9A539}"
	ProjectSection(SolutionItems) = preProject
		.editorconfig = .editorconfig
	EndProjectSection
EndProject
Global
	GlobalSection(SolutionConfigurationPlatforms) = preSolution
		Debug|Any CPU = Debug|Any CPU
		Release|Any CPU = Release|Any CPU
	EndGlobalSection
	GlobalSection(ProjectConfigurationPlatforms) = postSolution
		{968F8388-0627-4244-9306-54AF5F55634E}.Debug|Any CPU.ActiveCfg = Debug|Any CPU
		{968F8388-0627-4244-9306-54AF5F55634E}.Debug|Any CPU.Build.0 = Debug|Any CPU
		{968F8388-0627-4244-9306-54AF5F55634E}.Release|Any CPU.ActiveCfg = Release|Any CPU
		{968F8388-0627-4244-9306-54AF5F55634E}.Release|Any CPU.Build.0 = Release|Any CPU
	EndGlobalSection
	GlobalSection(SolutionProperties) = preSolution
		HideSolutionNode = FALSE
	EndGlobalSection
	GlobalSection(ExtensibilityGlobals) = postSolution
		SolutionGuid = {843EBE15-7086-4175-9600-4BAF4E1B450B}
	EndGlobalSection
EndGlobal
